// !$*UTF8*$!
{
	archiveVersion = 1;
	classes = {
	};
	objectVersion = 46;
	objects = {

/* Begin PBXBuildFile section */
		052D26A41CDD472A00C1B7F9 /* OpenConfigOptics.cpp in Sources */ = {isa = PBXBuildFile; fileRef = 052D26A31CDD472A00C1B7F9 /* OpenConfigOptics.cpp */; };
		0537F4E01CCC01B100BD519B /* OCTelemetryJson.cpp in Sources */ = {isa = PBXBuildFile; fileRef = 0537F4DF1CCC01B100BD519B /* OCTelemetryJson.cpp */; };
		0537F4E41CCEA3CC00BD519B /* OCTelemetryJsonGenerator.cpp in Sources */ = {isa = PBXBuildFile; fileRef = 0537F4E21CCEA3CC00BD519B /* OCTelemetryJsonGenerator.cpp */; };
		0537F4E51CCEA68200BD519B /* OCTelemetryJsonGenerator.cpp in Sources */ = {isa = PBXBuildFile; fileRef = 0537F4E21CCEA3CC00BD519B /* OCTelemetryJsonGenerator.cpp */; };
		0537F4E61CCEA6B000BD519B /* OCTelemetryJson.cpp in Sources */ = {isa = PBXBuildFile; fileRef = 0537F4DF1CCC01B100BD519B /* OCTelemetryJson.cpp */; };
		053D479D1CF7CB4B00B94071 /* agent_test_consolidator_ut.cpp in Sources */ = {isa = PBXBuildFile; fileRef = 053D479B1CF7CB4B00B94071 /* agent_test_consolidator_ut.cpp */; };
		0584266C1CE4DD21003D866B /* OpenConfigLspStats.cpp in Sources */ = {isa = PBXBuildFile; fileRef = 0584266A1CE4DD21003D866B /* OpenConfigLspStats.cpp */; };
		058AC3E61CED1CA80024FBD6 /* UdpReceiver.cpp in Sources */ = {isa = PBXBuildFile; fileRef = 058AC3E41CED1CA80024FBD6 /* UdpReceiver.cpp */; };
		058AC3E91CED21AC0024FBD6 /* AgentSubscriptionUdpWorker.cpp in Sources */ = {isa = PBXBuildFile; fileRef = 058AC3E71CED21AC0024FBD6 /* AgentSubscriptionUdpWorker.cpp */; };
		05BD33AC1CD2CEF90059EF17 /* GlobalConfig.cpp in Sources */ = {isa = PBXBuildFile; fileRef = 05BD33AA1CD2CEF90059EF17 /* GlobalConfig.cpp */; };
		05BD33AE1CD2F3B60059EF17 /* AgentServerCmdOptions.cpp in Sources */ = {isa = PBXBuildFile; fileRef = 94A291FB1C80FAF2004BB6C3 /* AgentServerCmdOptions.cpp */; };
		05BD33AF1CD324080059EF17 /* GlobalConfig.cpp in Sources */ = {isa = PBXBuildFile; fileRef = 05BD33AA1CD2CEF90059EF17 /* GlobalConfig.cpp */; };
		05BD33B21CD3513C0059EF17 /* JunosTelemetryJson.cpp in Sources */ = {isa = PBXBuildFile; fileRef = 05BD33B01CD3513B0059EF17 /* JunosTelemetryJson.cpp */; };
		05BD33B51CD3E9730059EF17 /* JsonUtils.cpp in Sources */ = {isa = PBXBuildFile; fileRef = 05BD33B31CD3E9730059EF17 /* JsonUtils.cpp */; };
		05BD33B61CD3ED0C0059EF17 /* JsonUtils.cpp in Sources */ = {isa = PBXBuildFile; fileRef = 05BD33B31CD3E9730059EF17 /* JsonUtils.cpp */; };
		05BD33B71CD3FF550059EF17 /* JunosTelemetryJson.cpp in Sources */ = {isa = PBXBuildFile; fileRef = 05BD33B01CD3513B0059EF17 /* JunosTelemetryJson.cpp */; };
		05BD33BA1CD4027A0059EF17 /* JunosTelemetryJsonGenerator.cpp in Sources */ = {isa = PBXBuildFile; fileRef = 05BD33B81CD4027A0059EF17 /* JunosTelemetryJsonGenerator.cpp */; };
		05BD33BB1CD4027A0059EF17 /* JunosTelemetryJsonGenerator.cpp in Sources */ = {isa = PBXBuildFile; fileRef = 05BD33B81CD4027A0059EF17 /* JunosTelemetryJsonGenerator.cpp */; };
		05C1BED81CC81DB500A6A342 /* OpenConfigNpuUtilization.cpp in Sources */ = {isa = PBXBuildFile; fileRef = 05C1BED61CC81DB500A6A342 /* OpenConfigNpuUtilization.cpp */; };
		05C1BEDB1CC824C000A6A342 /* OpenConfigLogicalPort.cpp in Sources */ = {isa = PBXBuildFile; fileRef = 05C1BED91CC824C000A6A342 /* OpenConfigLogicalPort.cpp */; };
		05C1BEDD1CC94D0800A6A342 /* AgentUtils.cpp in Sources */ = {isa = PBXBuildFile; fileRef = 05C1BEDC1CC94D0800A6A342 /* AgentUtils.cpp */; };
		05C1BEDF1CC94ED700A6A342 /* AgentUtils.cpp in Sources */ = {isa = PBXBuildFile; fileRef = 05C1BEDC1CC94D0800A6A342 /* AgentUtils.cpp */; };
		05FA5C271CF5AEEF00F90E30 /* PathValidator.cpp in Sources */ = {isa = PBXBuildFile; fileRef = 05FA5C251CF5AEEF00F90E30 /* PathValidator.cpp */; };
		05FA5C2B1CF6675500F90E30 /* agent_test_id_manager_ut.cpp in Sources */ = {isa = PBXBuildFile; fileRef = 05FA5C291CF6675500F90E30 /* agent_test_id_manager_ut.cpp */; };
		05FA5C2E1CF67EC600F90E30 /* agent_test_arg_parser_ut.cpp in Sources */ = {isa = PBXBuildFile; fileRef = 05FA5C2C1CF67EC600F90E30 /* agent_test_arg_parser_ut.cpp */; };
		05FA5C311CF6819A00F90E30 /* agent_test_path_validator_ut.cpp in Sources */ = {isa = PBXBuildFile; fileRef = 05FA5C2F1CF6819A00F90E30 /* agent_test_path_validator_ut.cpp */; };
		05FA5C321CF6856600F90E30 /* PathValidator.cpp in Sources */ = {isa = PBXBuildFile; fileRef = 05FA5C251CF5AEEF00F90E30 /* PathValidator.cpp */; };
		940C7CE01CE50446004ED81D /* agent_test_oc.cpp in Sources */ = {isa = PBXBuildFile; fileRef = 940C7CDF1CE50446004ED81D /* agent_test_oc.cpp */; };
		9436D96C1C8549E700356B6F /* AgentSystemProc.cpp in Sources */ = {isa = PBXBuildFile; fileRef = 94FB18981C85032400791B3A /* AgentSystemProc.cpp */; };
		946702CC1C64734E00E73BF5 /* AgentServerLog.cpp in Sources */ = {isa = PBXBuildFile; fileRef = 946702C81C64734E00E73BF5 /* AgentServerLog.cpp */; };
		946702CD1C64734E00E73BF5 /* AgentServer.cpp in Sources */ = {isa = PBXBuildFile; fileRef = 946702CA1C64734E00E73BF5 /* AgentServer.cpp */; };
		946702CE1C64734E00E73BF5 /* AgentMessageBus.cpp in Sources */ = {isa = PBXBuildFile; fileRef = 946702CB1C64734E00E73BF5 /* AgentMessageBus.cpp */; };
		946702D71C64739A00E73BF5 /* Counter.cpp in Sources */ = {isa = PBXBuildFile; fileRef = 946702D01C64739A00E73BF5 /* Counter.cpp */; };
		946702D81C64739A00E73BF5 /* AgentSubscriptionLimits.cpp in Sources */ = {isa = PBXBuildFile; fileRef = 946702D21C64739A00E73BF5 /* AgentSubscriptionLimits.cpp */; };
		946702D91C64739A00E73BF5 /* AgentSubscription.cpp in Sources */ = {isa = PBXBuildFile; fileRef = 946702D31C64739A00E73BF5 /* AgentSubscription.cpp */; };
		946702DA1C64739A00E73BF5 /* OpenConfig.cpp in Sources */ = {isa = PBXBuildFile; fileRef = 946702D61C64739A00E73BF5 /* OpenConfig.cpp */; };
		946702DE1C6474FB00E73BF5 /* main.cpp in Sources */ = {isa = PBXBuildFile; fileRef = 946702DC1C6474FB00E73BF5 /* main.cpp */; };
		946702E01C64758500E73BF5 /* AgentClient.cpp in Sources */ = {isa = PBXBuildFile; fileRef = 946702DF1C64758500E73BF5 /* AgentClient.cpp */; };
		9467039D1C6475C600E73BF5 /* main.cpp in Sources */ = {isa = PBXBuildFile; fileRef = 9467039C1C6475C600E73BF5 /* main.cpp */; };
		946703A11C6475EE00E73BF5 /* AgentClientParser.cpp in Sources */ = {isa = PBXBuildFile; fileRef = 9467039F1C6475EE00E73BF5 /* AgentClientParser.cpp */; };
		946703B41C6477A400E73BF5 /* main.cpp in Sources */ = {isa = PBXBuildFile; fileRef = 946703B31C6477A400E73BF5 /* main.cpp */; };
		946703BD1C6477E100E73BF5 /* agent.pb.cc in Sources */ = {isa = PBXBuildFile; fileRef = 946703B91C6477E100E73BF5 /* agent.pb.cc */; };
		946703BE1C6477E100E73BF5 /* agent.grpc.pb.cc in Sources */ = {isa = PBXBuildFile; fileRef = 946703BB1C6477E100E73BF5 /* agent.grpc.pb.cc */; };
		946703C61C64782500E73BF5 /* main.cpp in Sources */ = {isa = PBXBuildFile; fileRef = 946703C51C64782500E73BF5 /* main.cpp */; };
		946703D41C64786E00E73BF5 /* OpenConfigFirewall.cpp in Sources */ = {isa = PBXBuildFile; fileRef = 946703D01C64786E00E73BF5 /* OpenConfigFirewall.cpp */; };
		946703DC1C650CD700E73BF5 /* oc.cpp in Sources */ = {isa = PBXBuildFile; fileRef = 946703DB1C650CD700E73BF5 /* oc.cpp */; };
		946703E11C65134700E73BF5 /* agent_test.cpp in Sources */ = {isa = PBXBuildFile; fileRef = 946703DF1C65134700E73BF5 /* agent_test.cpp */; };
		949DD78A1C8BA28D0062F934 /* OpenConfigPacketStats.cpp in Sources */ = {isa = PBXBuildFile; fileRef = 949DD7891C8BA28D0062F934 /* OpenConfigPacketStats.cpp */; };
		94A291FA1C7FDA6B004BB6C3 /* AgentSystemFactory.cpp in Sources */ = {isa = PBXBuildFile; fileRef = 94A291F81C7FDA6B004BB6C3 /* AgentSystemFactory.cpp */; };
		94A291FD1C80FAF2004BB6C3 /* AgentServerCmdOptions.cpp in Sources */ = {isa = PBXBuildFile; fileRef = 94A291FB1C80FAF2004BB6C3 /* AgentServerCmdOptions.cpp */; };
		94A291FE1C8101AF004BB6C3 /* AgentSystemFactory.cpp in Sources */ = {isa = PBXBuildFile; fileRef = 94A291F81C7FDA6B004BB6C3 /* AgentSystemFactory.cpp */; };
		94A292011C822019004BB6C3 /* AgentSystemNull.cpp in Sources */ = {isa = PBXBuildFile; fileRef = 94A291FF1C822019004BB6C3 /* AgentSystemNull.cpp */; };
		94A292041C8278F0004BB6C3 /* AgentSystemFile.cpp in Sources */ = {isa = PBXBuildFile; fileRef = 94A292021C8278F0004BB6C3 /* AgentSystemFile.cpp */; };
		94A292051C827C95004BB6C3 /* AgentSystemFile.cpp in Sources */ = {isa = PBXBuildFile; fileRef = 94A292021C8278F0004BB6C3 /* AgentSystemFile.cpp */; };
		94A292061C827C9F004BB6C3 /* AgentSystemNull.cpp in Sources */ = {isa = PBXBuildFile; fileRef = 94A291FF1C822019004BB6C3 /* AgentSystemNull.cpp */; };
		94AC4F1D1CA1EFD500AFDFE0 /* main.cpp in Sources */ = {isa = PBXBuildFile; fileRef = 94AC4F1C1CA1EFD500AFDFE0 /* main.cpp */; };
		94AC4F261CA1F3B100AFDFE0 /* MgdServer.cpp in Sources */ = {isa = PBXBuildFile; fileRef = 94AC4F241CA1F3B100AFDFE0 /* MgdServer.cpp */; };
		94AC4F291CA315D100AFDFE0 /* agent_test_consolidator_proc.cpp in Sources */ = {isa = PBXBuildFile; fileRef = 94AC4F271CA315D100AFDFE0 /* agent_test_consolidator_proc.cpp */; };
		94AC9A411C6A91CD0034AF1A /* gtest_main.a in Frameworks */ = {isa = PBXBuildFile; fileRef = 94AC9A401C6A91CD0034AF1A /* gtest_main.a */; };
		94AC9A431C6A98780034AF1A /* libclient.a in Frameworks */ = {isa = PBXBuildFile; fileRef = 94AC9A421C6A98780034AF1A /* libclient.a */; };
		94AC9A681C74500F0034AF1A /* AgentServerIdManager.cpp in Sources */ = {isa = PBXBuildFile; fileRef = 94AC9A661C74500F0034AF1A /* AgentServerIdManager.cpp */; };
		94AC9A691C7459900034AF1A /* AgentServerIdManager.cpp in Sources */ = {isa = PBXBuildFile; fileRef = 94AC9A661C74500F0034AF1A /* AgentServerIdManager.cpp */; };
		94AC9A711C7529890034AF1A /* OpenConfigPort.cpp in Sources */ = {isa = PBXBuildFile; fileRef = 94AC9A701C7529890034AF1A /* OpenConfigPort.cpp */; };
		94AC9A741C7546280034AF1A /* AgentClientLag.cpp in Sources */ = {isa = PBXBuildFile; fileRef = 94AC9A721C7546280034AF1A /* AgentClientLag.cpp */; };
		94AC9A841C7799BA0034AF1A /* AgentConsolidator.cpp in Sources */ = {isa = PBXBuildFile; fileRef = 94AC9A821C7799BA0034AF1A /* AgentConsolidator.cpp */; };
		94AC9A8E1C77BCF50034AF1A /* AgentConsolidatorSystem.cpp in Sources */ = {isa = PBXBuildFile; fileRef = 94AC9A8C1C77BCF50034AF1A /* AgentConsolidatorSystem.cpp */; };
		94AC9A8F1C77DAC20034AF1A /* AgentConsolidator.cpp in Sources */ = {isa = PBXBuildFile; fileRef = 94AC9A821C7799BA0034AF1A /* AgentConsolidator.cpp */; };
		94AC9A901C77DACE0034AF1A /* AgentConsolidatorSystem.cpp in Sources */ = {isa = PBXBuildFile; fileRef = 94AC9A8C1C77BCF50034AF1A /* AgentConsolidatorSystem.cpp */; };
		94AC9AA21C7A1CD60034AF1A /* AgentSystem.cpp in Sources */ = {isa = PBXBuildFile; fileRef = 94AC9AA01C7A1CD60034AF1A /* AgentSystem.cpp */; };
		94AC9AA31C7A1F2F0034AF1A /* AgentSystem.cpp in Sources */ = {isa = PBXBuildFile; fileRef = 94AC9AA01C7A1CD60034AF1A /* AgentSystem.cpp */; };
		94E7E3EC1CD1C03C007D1B3C /* OpenConfigNpuMem.cpp in Sources */ = {isa = PBXBuildFile; fileRef = 94E7E3EB1CD1C03C007D1B3C /* OpenConfigNpuMem.cpp */; };
		94E7E3EF1CD1E1DD007D1B3C /* OpenConfigCpuMemoryUtilization.cpp in Sources */ = {isa = PBXBuildFile; fileRef = 94E7E3EE1CD1E1DD007D1B3C /* OpenConfigCpuMemoryUtilization.cpp */; };
		94FB189A1C85032400791B3A /* AgentSystemProc.cpp in Sources */ = {isa = PBXBuildFile; fileRef = 94FB18981C85032400791B3A /* AgentSystemProc.cpp */; };
/* End PBXBuildFile section */

/* Begin PBXCopyFilesBuildPhase section */
		946702981C64348C00E73BF5 /* CopyFiles */ = {
			isa = PBXCopyFilesBuildPhase;
			buildActionMask = 2147483647;
			dstPath = /usr/share/man/man1/;
			dstSubfolderSpec = 0;
			files = (
			);
			runOnlyForDeploymentPostprocessing = 1;
		};
		946702A61C6471ED00E73BF5 /* CopyFiles */ = {
			isa = PBXCopyFilesBuildPhase;
			buildActionMask = 2147483647;
			dstPath = /usr/share/man/man1/;
			dstSubfolderSpec = 0;
			files = (
			);
			runOnlyForDeploymentPostprocessing = 1;
		};
		946702B11C64723C00E73BF5 /* CopyFiles */ = {
			isa = PBXCopyFilesBuildPhase;
			buildActionMask = 2147483647;
			dstPath = /usr/share/man/man1/;
			dstSubfolderSpec = 0;
			files = (
			);
			runOnlyForDeploymentPostprocessing = 1;
		};
		946702BC1C64724900E73BF5 /* CopyFiles */ = {
			isa = PBXCopyFilesBuildPhase;
			buildActionMask = 2147483647;
			dstPath = /usr/share/man/man1/;
			dstSubfolderSpec = 0;
			files = (
			);
			runOnlyForDeploymentPostprocessing = 1;
		};
		946703A41C64769600E73BF5 /* CopyFiles */ = {
			isa = PBXCopyFilesBuildPhase;
			buildActionMask = 2147483647;
			dstPath = /usr/share/man/man1/;
			dstSubfolderSpec = 0;
			files = (
			);
			runOnlyForDeploymentPostprocessing = 1;
		};
		946703AF1C6477A400E73BF5 /* CopyFiles */ = {
			isa = PBXCopyFilesBuildPhase;
			buildActionMask = 2147483647;
			dstPath = /usr/share/man/man1/;
			dstSubfolderSpec = 0;
			files = (
			);
			runOnlyForDeploymentPostprocessing = 1;
		};
		946703C11C64782500E73BF5 /* CopyFiles */ = {
			isa = PBXCopyFilesBuildPhase;
			buildActionMask = 2147483647;
			dstPath = /usr/share/man/man1/;
			dstSubfolderSpec = 0;
			files = (
			);
			runOnlyForDeploymentPostprocessing = 1;
		};
		94AC4F181CA1EFD500AFDFE0 /* CopyFiles */ = {
			isa = PBXCopyFilesBuildPhase;
			buildActionMask = 2147483647;
			dstPath = /usr/share/man/man1/;
			dstSubfolderSpec = 0;
			files = (
			);
			runOnlyForDeploymentPostprocessing = 1;
		};
/* End PBXCopyFilesBuildPhase section */

/* Begin PBXFileReference section */
		052D26A11CD9D55800C1B7F9 /* openconfig_mgd.proto */ = {isa = PBXFileReference; fileEncoding = 4; lastKnownFileType = text; name = openconfig_mgd.proto; path = ../../../protos/openconfig_mgd.proto; sourceTree = "<group>"; };
		052D26A21CDD472A00C1B7F9 /* OpenConfigOptics.hpp */ = {isa = PBXFileReference; fileEncoding = 4; lastKnownFileType = sourcecode.cpp.h; path = OpenConfigOptics.hpp; sourceTree = "<group>"; };
		052D26A31CDD472A00C1B7F9 /* OpenConfigOptics.cpp */ = {isa = PBXFileReference; fileEncoding = 4; lastKnownFileType = sourcecode.cpp.cpp; path = OpenConfigOptics.cpp; sourceTree = "<group>"; };
		0537F4DF1CCC01B100BD519B /* OCTelemetryJson.cpp */ = {isa = PBXFileReference; fileEncoding = 4; lastKnownFileType = sourcecode.cpp.cpp; path = OCTelemetryJson.cpp; sourceTree = "<group>"; };
		0537F4E11CCC01C200BD519B /* OCTelemetryJson.hpp */ = {isa = PBXFileReference; fileEncoding = 4; lastKnownFileType = sourcecode.cpp.h; path = OCTelemetryJson.hpp; sourceTree = "<group>"; };
		0537F4E21CCEA3CC00BD519B /* OCTelemetryJsonGenerator.cpp */ = {isa = PBXFileReference; fileEncoding = 4; lastKnownFileType = sourcecode.cpp.cpp; path = OCTelemetryJsonGenerator.cpp; sourceTree = "<group>"; };
		0537F4E31CCEA3CC00BD519B /* OCTelemetryJsonGenerator.hpp */ = {isa = PBXFileReference; fileEncoding = 4; lastKnownFileType = sourcecode.cpp.h; path = OCTelemetryJsonGenerator.hpp; sourceTree = "<group>"; };
		0537F4E71CCEB1ED00BD519B /* mgd_service.proto */ = {isa = PBXFileReference; fileEncoding = 4; lastKnownFileType = text; name = mgd_service.proto; path = ../../../protos/mgd_service.proto; sourceTree = "<group>"; };
		053D479B1CF7CB4B00B94071 /* agent_test_consolidator_ut.cpp */ = {isa = PBXFileReference; fileEncoding = 4; lastKnownFileType = sourcecode.cpp.cpp; path = agent_test_consolidator_ut.cpp; sourceTree = "<group>"; };
		053D479C1CF7CB4B00B94071 /* agent_test_consolidator_ut.hpp */ = {isa = PBXFileReference; fileEncoding = 4; lastKnownFileType = sourcecode.cpp.h; path = agent_test_consolidator_ut.hpp; sourceTree = "<group>"; };
		058426691CE4DD09003D866B /* oc.hpp */ = {isa = PBXFileReference; fileEncoding = 4; lastKnownFileType = sourcecode.cpp.h; path = oc.hpp; sourceTree = "<group>"; };
		0584266A1CE4DD21003D866B /* OpenConfigLspStats.cpp */ = {isa = PBXFileReference; fileEncoding = 4; lastKnownFileType = sourcecode.cpp.cpp; path = OpenConfigLspStats.cpp; sourceTree = "<group>"; };
		0584266B1CE4DD21003D866B /* OpenConfigLspStats.hpp */ = {isa = PBXFileReference; fileEncoding = 4; lastKnownFileType = sourcecode.cpp.h; path = OpenConfigLspStats.hpp; sourceTree = "<group>"; };
		0584266D1CE54781003D866B /* agent_test_oc.hpp */ = {isa = PBXFileReference; lastKnownFileType = sourcecode.cpp.h; path = agent_test_oc.hpp; sourceTree = "<group>"; };
		058673341CB4620500C8DF1F /* Makefile */ = {isa = PBXFileReference; fileEncoding = 4; lastKnownFileType = sourcecode.make; path = Makefile; sourceTree = "<group>"; };
		058673361CB462A100C8DF1F /* agent.pb.h */ = {isa = PBXFileReference; fileEncoding = 4; lastKnownFileType = sourcecode.c.h; name = agent.pb.h; path = lib/h/agent.pb.h; sourceTree = SOURCE_ROOT; };
		058673371CB462C200C8DF1F /* agent.grpc.pb.h */ = {isa = PBXFileReference; fileEncoding = 4; lastKnownFileType = sourcecode.c.h; name = agent.grpc.pb.h; path = lib/h/agent.grpc.pb.h; sourceTree = SOURCE_ROOT; };
		058AC3E41CED1CA80024FBD6 /* UdpReceiver.cpp */ = {isa = PBXFileReference; fileEncoding = 4; lastKnownFileType = sourcecode.cpp.cpp; path = UdpReceiver.cpp; sourceTree = "<group>"; };
		058AC3E51CED1CA80024FBD6 /* UdpReceiver.hpp */ = {isa = PBXFileReference; fileEncoding = 4; lastKnownFileType = sourcecode.cpp.h; path = UdpReceiver.hpp; sourceTree = "<group>"; };
		058AC3E71CED21AC0024FBD6 /* AgentSubscriptionUdpWorker.cpp */ = {isa = PBXFileReference; fileEncoding = 4; lastKnownFileType = sourcecode.cpp.cpp; path = AgentSubscriptionUdpWorker.cpp; sourceTree = "<group>"; };
		058AC3E81CED21AC0024FBD6 /* AgentSubscriptionUdpWorker.hpp */ = {isa = PBXFileReference; fileEncoding = 4; lastKnownFileType = sourcecode.cpp.h; path = AgentSubscriptionUdpWorker.hpp; sourceTree = "<group>"; };
		05AA6FEE1CB992D900966978 /* agent.proto */ = {isa = PBXFileReference; fileEncoding = 4; lastKnownFileType = text; name = agent.proto; path = ../../../protos/agent.proto; sourceTree = "<group>"; };
		05BD33AA1CD2CEF90059EF17 /* GlobalConfig.cpp */ = {isa = PBXFileReference; fileEncoding = 4; lastKnownFileType = sourcecode.cpp.cpp; path = GlobalConfig.cpp; sourceTree = "<group>"; };
		05BD33AB1CD2CEF90059EF17 /* GlobalConfig.hpp */ = {isa = PBXFileReference; fileEncoding = 4; lastKnownFileType = sourcecode.cpp.h; path = GlobalConfig.hpp; sourceTree = "<group>"; };
		05BD33AD1CD2EA080059EF17 /* agent_server.ini */ = {isa = PBXFileReference; lastKnownFileType = text; name = agent_server.ini; path = ../../../config/agent_server.ini; sourceTree = "<group>"; };
		05BD33B01CD3513B0059EF17 /* JunosTelemetryJson.cpp */ = {isa = PBXFileReference; fileEncoding = 4; lastKnownFileType = sourcecode.cpp.cpp; path = JunosTelemetryJson.cpp; sourceTree = "<group>"; };
		05BD33B11CD3513C0059EF17 /* JunosTelemetryJson.hpp */ = {isa = PBXFileReference; fileEncoding = 4; lastKnownFileType = sourcecode.cpp.h; path = JunosTelemetryJson.hpp; sourceTree = "<group>"; };
		05BD33B31CD3E9730059EF17 /* JsonUtils.cpp */ = {isa = PBXFileReference; fileEncoding = 4; lastKnownFileType = sourcecode.cpp.cpp; path = JsonUtils.cpp; sourceTree = "<group>"; };
		05BD33B41CD3E9730059EF17 /* JsonUtils.hpp */ = {isa = PBXFileReference; fileEncoding = 4; lastKnownFileType = sourcecode.cpp.h; path = JsonUtils.hpp; sourceTree = "<group>"; };
		05BD33B81CD4027A0059EF17 /* JunosTelemetryJsonGenerator.cpp */ = {isa = PBXFileReference; fileEncoding = 4; lastKnownFileType = sourcecode.cpp.cpp; path = JunosTelemetryJsonGenerator.cpp; sourceTree = "<group>"; };
		05BD33B91CD4027A0059EF17 /* JunosTelemetryJsonGenerator.hpp */ = {isa = PBXFileReference; fileEncoding = 4; lastKnownFileType = sourcecode.cpp.h; path = JunosTelemetryJsonGenerator.hpp; sourceTree = "<group>"; };
		05C1BED61CC81DB500A6A342 /* OpenConfigNpuUtilization.cpp */ = {isa = PBXFileReference; fileEncoding = 4; lastKnownFileType = sourcecode.cpp.cpp; path = OpenConfigNpuUtilization.cpp; sourceTree = "<group>"; };
		05C1BED71CC81DB500A6A342 /* OpenConfigNpuUtilization.hpp */ = {isa = PBXFileReference; fileEncoding = 4; lastKnownFileType = sourcecode.cpp.h; path = OpenConfigNpuUtilization.hpp; sourceTree = "<group>"; };
		05C1BED91CC824C000A6A342 /* OpenConfigLogicalPort.cpp */ = {isa = PBXFileReference; fileEncoding = 4; lastKnownFileType = sourcecode.cpp.cpp; path = OpenConfigLogicalPort.cpp; sourceTree = "<group>"; };
		05C1BEDA1CC824C000A6A342 /* OpenConfigLogicalPort.hpp */ = {isa = PBXFileReference; fileEncoding = 4; lastKnownFileType = sourcecode.cpp.h; path = OpenConfigLogicalPort.hpp; sourceTree = "<group>"; };
		05C1BEDC1CC94D0800A6A342 /* AgentUtils.cpp */ = {isa = PBXFileReference; fileEncoding = 4; lastKnownFileType = sourcecode.cpp.cpp; path = AgentUtils.cpp; sourceTree = "<group>"; };
		05C1BEDE1CC94D1700A6A342 /* AgentUtils.hpp */ = {isa = PBXFileReference; fileEncoding = 4; lastKnownFileType = sourcecode.cpp.h; path = AgentUtils.hpp; sourceTree = "<group>"; };
		05EF80711CEA8C190032A538 /* authentication_service.proto */ = {isa = PBXFileReference; fileEncoding = 4; lastKnownFileType = text; name = authentication_service.proto; path = ../../../protos/authentication_service.proto; sourceTree = "<group>"; };
		05FA5C251CF5AEEF00F90E30 /* PathValidator.cpp */ = {isa = PBXFileReference; fileEncoding = 4; lastKnownFileType = sourcecode.cpp.cpp; path = PathValidator.cpp; sourceTree = "<group>"; };
		05FA5C261CF5AEEF00F90E30 /* PathValidator.hpp */ = {isa = PBXFileReference; fileEncoding = 4; lastKnownFileType = sourcecode.cpp.h; path = PathValidator.hpp; sourceTree = "<group>"; };
		05FA5C281CF5BA6700F90E30 /* ocpaths.json */ = {isa = PBXFileReference; fileEncoding = 4; lastKnownFileType = text.json; name = ocpaths.json; path = ../../../config/ocpaths.json; sourceTree = "<group>"; };
		05FA5C291CF6675500F90E30 /* agent_test_id_manager_ut.cpp */ = {isa = PBXFileReference; fileEncoding = 4; lastKnownFileType = sourcecode.cpp.cpp; path = agent_test_id_manager_ut.cpp; sourceTree = "<group>"; };
		05FA5C2A1CF6675500F90E30 /* agent_test_id_manager_ut.hpp */ = {isa = PBXFileReference; fileEncoding = 4; lastKnownFileType = sourcecode.cpp.h; path = agent_test_id_manager_ut.hpp; sourceTree = "<group>"; };
		05FA5C2C1CF67EC600F90E30 /* agent_test_arg_parser_ut.cpp */ = {isa = PBXFileReference; fileEncoding = 4; lastKnownFileType = sourcecode.cpp.cpp; path = agent_test_arg_parser_ut.cpp; sourceTree = "<group>"; };
		05FA5C2D1CF67EC600F90E30 /* agent_test_arg_parser_ut.hpp */ = {isa = PBXFileReference; fileEncoding = 4; lastKnownFileType = sourcecode.cpp.h; path = agent_test_arg_parser_ut.hpp; sourceTree = "<group>"; };
		05FA5C2F1CF6819A00F90E30 /* agent_test_path_validator_ut.cpp */ = {isa = PBXFileReference; fileEncoding = 4; lastKnownFileType = sourcecode.cpp.cpp; path = agent_test_path_validator_ut.cpp; sourceTree = "<group>"; };
		05FA5C301CF6819A00F90E30 /* agent_test_path_validator_ut.hpp */ = {isa = PBXFileReference; fileEncoding = 4; lastKnownFileType = sourcecode.cpp.h; path = agent_test_path_validator_ut.hpp; sourceTree = "<group>"; };
		940C7CDF1CE50446004ED81D /* agent_test_oc.cpp */ = {isa = PBXFileReference; fileEncoding = 4; lastKnownFileType = sourcecode.cpp.cpp; path = agent_test_oc.cpp; sourceTree = "<group>"; };
		9467029A1C64348C00E73BF5 /* grpc */ = {isa = PBXFileReference; explicitFileType = "compiled.mach-o.executable"; includeInIndex = 0; path = grpc; sourceTree = BUILT_PRODUCTS_DIR; };
		946702A81C6471ED00E73BF5 /* client */ = {isa = PBXFileReference; explicitFileType = "compiled.mach-o.executable"; includeInIndex = 0; path = client; sourceTree = BUILT_PRODUCTS_DIR; };
		946702B31C64723C00E73BF5 /* server */ = {isa = PBXFileReference; explicitFileType = "compiled.mach-o.executable"; includeInIndex = 0; path = server; sourceTree = BUILT_PRODUCTS_DIR; };
		946702BE1C64724900E73BF5 /* test */ = {isa = PBXFileReference; explicitFileType = "compiled.mach-o.executable"; includeInIndex = 0; path = test; sourceTree = BUILT_PRODUCTS_DIR; };
		946702C51C64734E00E73BF5 /* AgentSubscription.hpp */ = {isa = PBXFileReference; fileEncoding = 4; lastKnownFileType = sourcecode.cpp.h; path = AgentSubscription.hpp; sourceTree = "<group>"; };
		946702C61C64734E00E73BF5 /* AgentServerTransport.hpp */ = {isa = PBXFileReference; fileEncoding = 4; lastKnownFileType = sourcecode.cpp.h; path = AgentServerTransport.hpp; sourceTree = "<group>"; };
		946702C71C64734E00E73BF5 /* AgentServerLog.hpp */ = {isa = PBXFileReference; fileEncoding = 4; lastKnownFileType = sourcecode.cpp.h; path = AgentServerLog.hpp; sourceTree = "<group>"; };
		946702C81C64734E00E73BF5 /* AgentServerLog.cpp */ = {isa = PBXFileReference; fileEncoding = 4; lastKnownFileType = sourcecode.cpp.cpp; path = AgentServerLog.cpp; sourceTree = "<group>"; };
		946702C91C64734E00E73BF5 /* AgentServer.h */ = {isa = PBXFileReference; fileEncoding = 4; lastKnownFileType = sourcecode.c.h; path = AgentServer.h; sourceTree = "<group>"; };
		946702CA1C64734E00E73BF5 /* AgentServer.cpp */ = {isa = PBXFileReference; fileEncoding = 4; lastKnownFileType = sourcecode.cpp.cpp; path = AgentServer.cpp; sourceTree = "<group>"; };
		946702CB1C64734E00E73BF5 /* AgentMessageBus.cpp */ = {isa = PBXFileReference; fileEncoding = 4; lastKnownFileType = sourcecode.cpp.cpp; path = AgentMessageBus.cpp; sourceTree = "<group>"; };
		946702CF1C64739A00E73BF5 /* Counter.hpp */ = {isa = PBXFileReference; fileEncoding = 4; lastKnownFileType = sourcecode.cpp.h; path = Counter.hpp; sourceTree = "<group>"; };
		946702D01C64739A00E73BF5 /* Counter.cpp */ = {isa = PBXFileReference; fileEncoding = 4; lastKnownFileType = sourcecode.cpp.cpp; path = Counter.cpp; sourceTree = "<group>"; };
		946702D11C64739A00E73BF5 /* AgentSubscriptionLimits.hpp */ = {isa = PBXFileReference; fileEncoding = 4; lastKnownFileType = sourcecode.cpp.h; path = AgentSubscriptionLimits.hpp; sourceTree = "<group>"; };
		946702D21C64739A00E73BF5 /* AgentSubscriptionLimits.cpp */ = {isa = PBXFileReference; fileEncoding = 4; lastKnownFileType = sourcecode.cpp.cpp; path = AgentSubscriptionLimits.cpp; sourceTree = "<group>"; };
		946702D31C64739A00E73BF5 /* AgentSubscription.cpp */ = {isa = PBXFileReference; fileEncoding = 4; lastKnownFileType = sourcecode.cpp.cpp; path = AgentSubscription.cpp; sourceTree = "<group>"; };
		946702D41C64739A00E73BF5 /* AgentMessageBus.hpp */ = {isa = PBXFileReference; fileEncoding = 4; lastKnownFileType = sourcecode.cpp.h; path = AgentMessageBus.hpp; sourceTree = "<group>"; };
		946702D51C64739A00E73BF5 /* OpenConfig.hpp */ = {isa = PBXFileReference; fileEncoding = 4; lastKnownFileType = sourcecode.cpp.h; path = OpenConfig.hpp; sourceTree = "<group>"; };
		946702D61C64739A00E73BF5 /* OpenConfig.cpp */ = {isa = PBXFileReference; fileEncoding = 4; lastKnownFileType = sourcecode.cpp.cpp; path = OpenConfig.cpp; sourceTree = "<group>"; };
		946702DB1C6474FB00E73BF5 /* Makefile */ = {isa = PBXFileReference; fileEncoding = 4; lastKnownFileType = sourcecode.make; path = Makefile; sourceTree = "<group>"; };
		946702DC1C6474FB00E73BF5 /* main.cpp */ = {isa = PBXFileReference; fileEncoding = 4; lastKnownFileType = sourcecode.cpp.cpp; path = main.cpp; sourceTree = "<group>"; };
		946702DF1C64758500E73BF5 /* AgentClient.cpp */ = {isa = PBXFileReference; fileEncoding = 4; lastKnownFileType = sourcecode.cpp.cpp; path = AgentClient.cpp; sourceTree = "<group>"; };
		9467039C1C6475C600E73BF5 /* main.cpp */ = {isa = PBXFileReference; fileEncoding = 4; lastKnownFileType = sourcecode.cpp.cpp; path = main.cpp; sourceTree = "<group>"; };
		9467039E1C6475EE00E73BF5 /* AgentClientParser.hpp */ = {isa = PBXFileReference; fileEncoding = 4; lastKnownFileType = sourcecode.cpp.h; path = AgentClientParser.hpp; sourceTree = "<group>"; };
		9467039F1C6475EE00E73BF5 /* AgentClientParser.cpp */ = {isa = PBXFileReference; fileEncoding = 4; lastKnownFileType = sourcecode.cpp.cpp; path = AgentClientParser.cpp; sourceTree = "<group>"; };
		946703A01C6475EE00E73BF5 /* AgentClient.hpp */ = {isa = PBXFileReference; fileEncoding = 4; lastKnownFileType = sourcecode.cpp.h; path = AgentClient.hpp; sourceTree = "<group>"; };
		946703A61C64769600E73BF5 /* lib */ = {isa = PBXFileReference; explicitFileType = "compiled.mach-o.executable"; includeInIndex = 0; path = lib; sourceTree = BUILT_PRODUCTS_DIR; };
		946703B11C6477A400E73BF5 /* lib-rpc-service */ = {isa = PBXFileReference; explicitFileType = "compiled.mach-o.executable"; includeInIndex = 0; path = "lib-rpc-service"; sourceTree = BUILT_PRODUCTS_DIR; };
		946703B31C6477A400E73BF5 /* main.cpp */ = {isa = PBXFileReference; lastKnownFileType = sourcecode.cpp.cpp; path = main.cpp; sourceTree = "<group>"; };
		946703B91C6477E100E73BF5 /* agent.pb.cc */ = {isa = PBXFileReference; fileEncoding = 4; lastKnownFileType = sourcecode.cpp.cpp; path = agent.pb.cc; sourceTree = "<group>"; };
		946703BB1C6477E100E73BF5 /* agent.grpc.pb.cc */ = {isa = PBXFileReference; fileEncoding = 4; lastKnownFileType = sourcecode.cpp.cpp; path = agent.grpc.pb.cc; sourceTree = "<group>"; };
		946703C31C64782500E73BF5 /* lib-oc */ = {isa = PBXFileReference; explicitFileType = "compiled.mach-o.executable"; includeInIndex = 0; path = "lib-oc"; sourceTree = BUILT_PRODUCTS_DIR; };
		946703C51C64782500E73BF5 /* main.cpp */ = {isa = PBXFileReference; lastKnownFileType = sourcecode.cpp.cpp; path = main.cpp; sourceTree = "<group>"; };
		946703CA1C64786E00E73BF5 /* Makefile */ = {isa = PBXFileReference; fileEncoding = 4; lastKnownFileType = sourcecode.make; path = Makefile; sourceTree = "<group>"; };
		946703CC1C64786E00E73BF5 /* genxlate.py */ = {isa = PBXFileReference; fileEncoding = 4; lastKnownFileType = text.script.python; path = genxlate.py; sourceTree = "<group>"; };
		946703CD1C64786E00E73BF5 /* OpenConfigPort.hpp */ = {isa = PBXFileReference; fileEncoding = 4; lastKnownFileType = sourcecode.cpp.h; path = OpenConfigPort.hpp; sourceTree = "<group>"; };
		946703CF1C64786E00E73BF5 /* OpenConfigFirewall.hpp */ = {isa = PBXFileReference; fileEncoding = 4; lastKnownFileType = sourcecode.cpp.h; path = OpenConfigFirewall.hpp; sourceTree = "<group>"; };
		946703D01C64786E00E73BF5 /* OpenConfigFirewall.cpp */ = {isa = PBXFileReference; fileEncoding = 4; lastKnownFileType = sourcecode.cpp.cpp; path = OpenConfigFirewall.cpp; sourceTree = "<group>"; };
		946703D61C647BD500E73BF5 /* Makefile */ = {isa = PBXFileReference; fileEncoding = 4; lastKnownFileType = sourcecode.make; path = Makefile; sourceTree = "<group>"; };
		946703D81C64823300E73BF5 /* Makefile */ = {isa = PBXFileReference; fileEncoding = 4; lastKnownFileType = sourcecode.make; path = Makefile; sourceTree = "<group>"; };
		946703DB1C650CD700E73BF5 /* oc.cpp */ = {isa = PBXFileReference; fileEncoding = 4; lastKnownFileType = sourcecode.cpp.cpp; path = oc.cpp; sourceTree = "<group>"; };
		946703DD1C65134700E73BF5 /* Makefile */ = {isa = PBXFileReference; fileEncoding = 4; lastKnownFileType = sourcecode.make; path = Makefile; sourceTree = "<group>"; };
		946703DE1C65134700E73BF5 /* agent_test.hpp */ = {isa = PBXFileReference; fileEncoding = 4; lastKnownFileType = sourcecode.cpp.h; path = agent_test.hpp; sourceTree = "<group>"; };
		946703DF1C65134700E73BF5 /* agent_test.cpp */ = {isa = PBXFileReference; fileEncoding = 4; lastKnownFileType = sourcecode.cpp.cpp; path = agent_test.cpp; sourceTree = "<group>"; };
		949DD7881C8BA28D0062F934 /* OpenConfigPacketStats.hpp */ = {isa = PBXFileReference; fileEncoding = 4; lastKnownFileType = sourcecode.cpp.h; path = OpenConfigPacketStats.hpp; sourceTree = "<group>"; };
		949DD7891C8BA28D0062F934 /* OpenConfigPacketStats.cpp */ = {isa = PBXFileReference; fileEncoding = 4; lastKnownFileType = sourcecode.cpp.cpp; path = OpenConfigPacketStats.cpp; sourceTree = "<group>"; };
		94A291F81C7FDA6B004BB6C3 /* AgentSystemFactory.cpp */ = {isa = PBXFileReference; fileEncoding = 4; lastKnownFileType = sourcecode.cpp.cpp; path = AgentSystemFactory.cpp; sourceTree = "<group>"; };
		94A291F91C7FDA6B004BB6C3 /* AgentSystemFactory.hpp */ = {isa = PBXFileReference; fileEncoding = 4; lastKnownFileType = sourcecode.cpp.h; path = AgentSystemFactory.hpp; sourceTree = "<group>"; };
		94A291FB1C80FAF2004BB6C3 /* AgentServerCmdOptions.cpp */ = {isa = PBXFileReference; fileEncoding = 4; lastKnownFileType = sourcecode.cpp.cpp; path = AgentServerCmdOptions.cpp; sourceTree = "<group>"; };
		94A291FC1C80FAF2004BB6C3 /* AgentServerCmdOptions.hpp */ = {isa = PBXFileReference; fileEncoding = 4; lastKnownFileType = sourcecode.cpp.h; path = AgentServerCmdOptions.hpp; sourceTree = "<group>"; };
		94A291FF1C822019004BB6C3 /* AgentSystemNull.cpp */ = {isa = PBXFileReference; fileEncoding = 4; lastKnownFileType = sourcecode.cpp.cpp; path = AgentSystemNull.cpp; sourceTree = "<group>"; };
		94A292001C822019004BB6C3 /* AgentSystemNull.hpp */ = {isa = PBXFileReference; fileEncoding = 4; lastKnownFileType = sourcecode.cpp.h; path = AgentSystemNull.hpp; sourceTree = "<group>"; };
		94A292021C8278F0004BB6C3 /* AgentSystemFile.cpp */ = {isa = PBXFileReference; fileEncoding = 4; lastKnownFileType = sourcecode.cpp.cpp; path = AgentSystemFile.cpp; sourceTree = "<group>"; };
		94A292031C8278F0004BB6C3 /* AgentSystemFile.hpp */ = {isa = PBXFileReference; fileEncoding = 4; lastKnownFileType = sourcecode.cpp.h; path = AgentSystemFile.hpp; sourceTree = "<group>"; };
		94AC4F1A1CA1EFD500AFDFE0 /* mgd_server */ = {isa = PBXFileReference; explicitFileType = "compiled.mach-o.executable"; includeInIndex = 0; path = mgd_server; sourceTree = BUILT_PRODUCTS_DIR; };
		94AC4F1C1CA1EFD500AFDFE0 /* main.cpp */ = {isa = PBXFileReference; lastKnownFileType = sourcecode.cpp.cpp; path = main.cpp; sourceTree = "<group>"; };
		94AC4F241CA1F3B100AFDFE0 /* MgdServer.cpp */ = {isa = PBXFileReference; fileEncoding = 4; lastKnownFileType = sourcecode.cpp.cpp; path = MgdServer.cpp; sourceTree = "<group>"; };
		94AC4F251CA1F3B100AFDFE0 /* MgdServer.hpp */ = {isa = PBXFileReference; fileEncoding = 4; lastKnownFileType = sourcecode.cpp.h; path = MgdServer.hpp; sourceTree = "<group>"; };
		94AC4F271CA315D100AFDFE0 /* agent_test_consolidator_proc.cpp */ = {isa = PBXFileReference; fileEncoding = 4; lastKnownFileType = sourcecode.cpp.cpp; path = agent_test_consolidator_proc.cpp; sourceTree = "<group>"; };
		94AC4F281CA315D100AFDFE0 /* agent_test_consolidator_proc.hpp */ = {isa = PBXFileReference; fileEncoding = 4; lastKnownFileType = sourcecode.cpp.h; path = agent_test_consolidator_proc.hpp; sourceTree = "<group>"; };
		94AC9A401C6A91CD0034AF1A /* gtest_main.a */ = {isa = PBXFileReference; lastKnownFileType = archive.ar; name = gtest_main.a; path = lib/gtest_main.a; sourceTree = "<group>"; };
		94AC9A421C6A98780034AF1A /* libclient.a */ = {isa = PBXFileReference; lastKnownFileType = archive.ar; name = libclient.a; path = lib/libclient.a; sourceTree = "<group>"; };
		94AC9A661C74500F0034AF1A /* AgentServerIdManager.cpp */ = {isa = PBXFileReference; fileEncoding = 4; lastKnownFileType = sourcecode.cpp.cpp; path = AgentServerIdManager.cpp; sourceTree = "<group>"; };
		94AC9A671C74500F0034AF1A /* AgentServerIdManager.hpp */ = {isa = PBXFileReference; fileEncoding = 4; lastKnownFileType = sourcecode.cpp.h; path = AgentServerIdManager.hpp; sourceTree = "<group>"; };
		94AC9A701C7529890034AF1A /* OpenConfigPort.cpp */ = {isa = PBXFileReference; fileEncoding = 4; lastKnownFileType = sourcecode.cpp.cpp; path = OpenConfigPort.cpp; sourceTree = "<group>"; };
		94AC9A721C7546280034AF1A /* AgentClientLag.cpp */ = {isa = PBXFileReference; fileEncoding = 4; lastKnownFileType = sourcecode.cpp.cpp; path = AgentClientLag.cpp; sourceTree = "<group>"; };
		94AC9A731C7546280034AF1A /* AgentClientLag.hpp */ = {isa = PBXFileReference; fileEncoding = 4; lastKnownFileType = sourcecode.cpp.h; path = AgentClientLag.hpp; sourceTree = "<group>"; };
		94AC9A821C7799BA0034AF1A /* AgentConsolidator.cpp */ = {isa = PBXFileReference; fileEncoding = 4; lastKnownFileType = sourcecode.cpp.cpp; path = AgentConsolidator.cpp; sourceTree = "<group>"; };
		94AC9A831C7799BA0034AF1A /* AgentConsolidator.hpp */ = {isa = PBXFileReference; fileEncoding = 4; lastKnownFileType = sourcecode.cpp.h; path = AgentConsolidator.hpp; sourceTree = "<group>"; };
		94AC9A861C77B3A40034AF1A /* AgentServerProtos.h */ = {isa = PBXFileReference; lastKnownFileType = sourcecode.c.h; path = AgentServerProtos.h; sourceTree = "<group>"; };
		94AC9A8C1C77BCF50034AF1A /* AgentConsolidatorSystem.cpp */ = {isa = PBXFileReference; fileEncoding = 4; lastKnownFileType = sourcecode.cpp.cpp; path = AgentConsolidatorSystem.cpp; sourceTree = "<group>"; };
		94AC9A8D1C77BCF50034AF1A /* AgentConsolidatorSystem.hpp */ = {isa = PBXFileReference; fileEncoding = 4; lastKnownFileType = sourcecode.cpp.h; path = AgentConsolidatorSystem.hpp; sourceTree = "<group>"; };
		94AC9AA01C7A1CD60034AF1A /* AgentSystem.cpp */ = {isa = PBXFileReference; fileEncoding = 4; lastKnownFileType = sourcecode.cpp.cpp; path = AgentSystem.cpp; sourceTree = "<group>"; };
		94AC9AA11C7A1CD60034AF1A /* AgentSystem.hpp */ = {isa = PBXFileReference; fileEncoding = 4; lastKnownFileType = sourcecode.cpp.h; path = AgentSystem.hpp; sourceTree = "<group>"; };
		94E7E3EA1CD1C03C007D1B3C /* OpenConfigNpuMem.hpp */ = {isa = PBXFileReference; fileEncoding = 4; lastKnownFileType = sourcecode.cpp.h; path = OpenConfigNpuMem.hpp; sourceTree = "<group>"; };
		94E7E3EB1CD1C03C007D1B3C /* OpenConfigNpuMem.cpp */ = {isa = PBXFileReference; fileEncoding = 4; lastKnownFileType = sourcecode.cpp.cpp; path = OpenConfigNpuMem.cpp; sourceTree = "<group>"; };
		94E7E3ED1CD1E1DD007D1B3C /* OpenConfigCpuMemoryUtilization.hpp */ = {isa = PBXFileReference; fileEncoding = 4; lastKnownFileType = sourcecode.cpp.h; path = OpenConfigCpuMemoryUtilization.hpp; sourceTree = "<group>"; };
		94E7E3EE1CD1E1DD007D1B3C /* OpenConfigCpuMemoryUtilization.cpp */ = {isa = PBXFileReference; fileEncoding = 4; lastKnownFileType = sourcecode.cpp.cpp; path = OpenConfigCpuMemoryUtilization.cpp; sourceTree = "<group>"; };
		94FB18981C85032400791B3A /* AgentSystemProc.cpp */ = {isa = PBXFileReference; fileEncoding = 4; lastKnownFileType = sourcecode.cpp.cpp; path = AgentSystemProc.cpp; sourceTree = "<group>"; };
		94FB18991C85032400791B3A /* AgentSystemProc.hpp */ = {isa = PBXFileReference; fileEncoding = 4; lastKnownFileType = sourcecode.cpp.h; path = AgentSystemProc.hpp; sourceTree = "<group>"; };
/* End PBXFileReference section */

/* Begin PBXFrameworksBuildPhase section */
		946702971C64348C00E73BF5 /* Frameworks */ = {
			isa = PBXFrameworksBuildPhase;
			buildActionMask = 2147483647;
			files = (
			);
			runOnlyForDeploymentPostprocessing = 0;
		};
		946702A51C6471ED00E73BF5 /* Frameworks */ = {
			isa = PBXFrameworksBuildPhase;
			buildActionMask = 2147483647;
			files = (
			);
			runOnlyForDeploymentPostprocessing = 0;
		};
		946702B01C64723C00E73BF5 /* Frameworks */ = {
			isa = PBXFrameworksBuildPhase;
			buildActionMask = 2147483647;
			files = (
			);
			runOnlyForDeploymentPostprocessing = 0;
		};
		946702BB1C64724900E73BF5 /* Frameworks */ = {
			isa = PBXFrameworksBuildPhase;
			buildActionMask = 2147483647;
			files = (
				94AC9A431C6A98780034AF1A /* libclient.a in Frameworks */,
				94AC9A411C6A91CD0034AF1A /* gtest_main.a in Frameworks */,
			);
			runOnlyForDeploymentPostprocessing = 0;
		};
		946703A31C64769600E73BF5 /* Frameworks */ = {
			isa = PBXFrameworksBuildPhase;
			buildActionMask = 2147483647;
			files = (
			);
			runOnlyForDeploymentPostprocessing = 0;
		};
		946703AE1C6477A400E73BF5 /* Frameworks */ = {
			isa = PBXFrameworksBuildPhase;
			buildActionMask = 2147483647;
			files = (
			);
			runOnlyForDeploymentPostprocessing = 0;
		};
		946703C01C64782500E73BF5 /* Frameworks */ = {
			isa = PBXFrameworksBuildPhase;
			buildActionMask = 2147483647;
			files = (
			);
			runOnlyForDeploymentPostprocessing = 0;
		};
		94AC4F171CA1EFD500AFDFE0 /* Frameworks */ = {
			isa = PBXFrameworksBuildPhase;
			buildActionMask = 2147483647;
			files = (
			);
			runOnlyForDeploymentPostprocessing = 0;
		};
/* End PBXFrameworksBuildPhase section */

/* Begin PBXGroup section */
		946702911C64348C00E73BF5 = {
			isa = PBXGroup;
			children = (
				94AC9A421C6A98780034AF1A /* libclient.a */,
				94AC9A401C6A91CD0034AF1A /* gtest_main.a */,
				946702A91C6471ED00E73BF5 /* client */,
				946702B41C64723C00E73BF5 /* server */,
				946702BF1C64724900E73BF5 /* test */,
				946703B21C6477A400E73BF5 /* lib-rpc-service */,
				946703C41C64782500E73BF5 /* lib-oc */,
				94AC4F1B1CA1EFD500AFDFE0 /* mgd_server */,
				9467029B1C64348C00E73BF5 /* Products */,
			);
			sourceTree = "<group>";
		};
		9467029B1C64348C00E73BF5 /* Products */ = {
			isa = PBXGroup;
			children = (
				9467029A1C64348C00E73BF5 /* grpc */,
				946702A81C6471ED00E73BF5 /* client */,
				946702B31C64723C00E73BF5 /* server */,
				946702BE1C64724900E73BF5 /* test */,
				946703A61C64769600E73BF5 /* lib */,
				946703B11C6477A400E73BF5 /* lib-rpc-service */,
				946703C31C64782500E73BF5 /* lib-oc */,
				94AC4F1A1CA1EFD500AFDFE0 /* mgd_server */,
			);
			name = Products;
			sourceTree = "<group>";
		};
		946702A91C6471ED00E73BF5 /* client */ = {
			isa = PBXGroup;
			children = (
				946703D81C64823300E73BF5 /* Makefile */,
				9467039C1C6475C600E73BF5 /* main.cpp */,
				946702DF1C64758500E73BF5 /* AgentClient.cpp */,
				94AC9A721C7546280034AF1A /* AgentClientLag.cpp */,
				9467039F1C6475EE00E73BF5 /* AgentClientParser.cpp */,
				946703A01C6475EE00E73BF5 /* AgentClient.hpp */,
				94AC9A731C7546280034AF1A /* AgentClientLag.hpp */,
				9467039E1C6475EE00E73BF5 /* AgentClientParser.hpp */,
			);
			path = client;
			sourceTree = "<group>";
		};
		946702B41C64723C00E73BF5 /* server */ = {
			isa = PBXGroup;
			children = (
				946702DB1C6474FB00E73BF5 /* Makefile */,
				05BD33AD1CD2EA080059EF17 /* agent_server.ini */,
				05FA5C281CF5BA6700F90E30 /* ocpaths.json */,
				946702DC1C6474FB00E73BF5 /* main.cpp */,
				94AC9A821C7799BA0034AF1A /* AgentConsolidator.cpp */,
				94AC9A8C1C77BCF50034AF1A /* AgentConsolidatorSystem.cpp */,
				946702CB1C64734E00E73BF5 /* AgentMessageBus.cpp */,
				946702CA1C64734E00E73BF5 /* AgentServer.cpp */,
				94A291FB1C80FAF2004BB6C3 /* AgentServerCmdOptions.cpp */,
				94AC9A661C74500F0034AF1A /* AgentServerIdManager.cpp */,
				946702C81C64734E00E73BF5 /* AgentServerLog.cpp */,
				946702D31C64739A00E73BF5 /* AgentSubscription.cpp */,
				946702D21C64739A00E73BF5 /* AgentSubscriptionLimits.cpp */,
				058AC3E71CED21AC0024FBD6 /* AgentSubscriptionUdpWorker.cpp */,
				94AC9AA01C7A1CD60034AF1A /* AgentSystem.cpp */,
				94A291F81C7FDA6B004BB6C3 /* AgentSystemFactory.cpp */,
				94A292021C8278F0004BB6C3 /* AgentSystemFile.cpp */,
				94A291FF1C822019004BB6C3 /* AgentSystemNull.cpp */,
				94FB18981C85032400791B3A /* AgentSystemProc.cpp */,
				05C1BEDC1CC94D0800A6A342 /* AgentUtils.cpp */,
				946702D01C64739A00E73BF5 /* Counter.cpp */,
				05BD33AA1CD2CEF90059EF17 /* GlobalConfig.cpp */,
				05BD33B31CD3E9730059EF17 /* JsonUtils.cpp */,
				05BD33B01CD3513B0059EF17 /* JunosTelemetryJson.cpp */,
				05BD33B81CD4027A0059EF17 /* JunosTelemetryJsonGenerator.cpp */,
				0537F4DF1CCC01B100BD519B /* OCTelemetryJson.cpp */,
				0537F4E21CCEA3CC00BD519B /* OCTelemetryJsonGenerator.cpp */,
				946702D61C64739A00E73BF5 /* OpenConfig.cpp */,
				05FA5C251CF5AEEF00F90E30 /* PathValidator.cpp */,
				058AC3E41CED1CA80024FBD6 /* UdpReceiver.cpp */,
				946702C91C64734E00E73BF5 /* AgentServer.h */,
				94AC9A861C77B3A40034AF1A /* AgentServerProtos.h */,
				94AC9A831C7799BA0034AF1A /* AgentConsolidator.hpp */,
				94AC9A8D1C77BCF50034AF1A /* AgentConsolidatorSystem.hpp */,
				946702D41C64739A00E73BF5 /* AgentMessageBus.hpp */,
				94A291FC1C80FAF2004BB6C3 /* AgentServerCmdOptions.hpp */,
				94AC9A671C74500F0034AF1A /* AgentServerIdManager.hpp */,
				946702C71C64734E00E73BF5 /* AgentServerLog.hpp */,
				946702C61C64734E00E73BF5 /* AgentServerTransport.hpp */,
				946702C51C64734E00E73BF5 /* AgentSubscription.hpp */,
				946702D11C64739A00E73BF5 /* AgentSubscriptionLimits.hpp */,
				058AC3E81CED21AC0024FBD6 /* AgentSubscriptionUdpWorker.hpp */,
				94AC9AA11C7A1CD60034AF1A /* AgentSystem.hpp */,
				94A291F91C7FDA6B004BB6C3 /* AgentSystemFactory.hpp */,
				94A292031C8278F0004BB6C3 /* AgentSystemFile.hpp */,
				94A292001C822019004BB6C3 /* AgentSystemNull.hpp */,
				94FB18991C85032400791B3A /* AgentSystemProc.hpp */,
				05C1BEDE1CC94D1700A6A342 /* AgentUtils.hpp */,
				946702CF1C64739A00E73BF5 /* Counter.hpp */,
				05BD33AB1CD2CEF90059EF17 /* GlobalConfig.hpp */,
				05BD33B41CD3E9730059EF17 /* JsonUtils.hpp */,
				05BD33B11CD3513C0059EF17 /* JunosTelemetryJson.hpp */,
				05BD33B91CD4027A0059EF17 /* JunosTelemetryJsonGenerator.hpp */,
				0537F4E11CCC01C200BD519B /* OCTelemetryJson.hpp */,
				0537F4E31CCEA3CC00BD519B /* OCTelemetryJsonGenerator.hpp */,
				946702D51C64739A00E73BF5 /* OpenConfig.hpp */,
				05FA5C261CF5AEEF00F90E30 /* PathValidator.hpp */,
				058AC3E51CED1CA80024FBD6 /* UdpReceiver.hpp */,
			);
			path = server;
			sourceTree = "<group>";
		};
		946702BF1C64724900E73BF5 /* test */ = {
			isa = PBXGroup;
			children = (
				946703DD1C65134700E73BF5 /* Makefile */,
				05FA5C291CF6675500F90E30 /* agent_test_id_manager_ut.cpp */,
				05FA5C2A1CF6675500F90E30 /* agent_test_id_manager_ut.hpp */,
				05FA5C2C1CF67EC600F90E30 /* agent_test_arg_parser_ut.cpp */,
				05FA5C2D1CF67EC600F90E30 /* agent_test_arg_parser_ut.hpp */,
				05FA5C2F1CF6819A00F90E30 /* agent_test_path_validator_ut.cpp */,
				05FA5C301CF6819A00F90E30 /* agent_test_path_validator_ut.hpp */,
				053D479B1CF7CB4B00B94071 /* agent_test_consolidator_ut.cpp */,
				053D479C1CF7CB4B00B94071 /* agent_test_consolidator_ut.hpp */,
				94AC4F271CA315D100AFDFE0 /* agent_test_consolidator_proc.cpp */,
				94AC4F281CA315D100AFDFE0 /* agent_test_consolidator_proc.hpp */,
				946703DF1C65134700E73BF5 /* agent_test.cpp */,
				946703DE1C65134700E73BF5 /* agent_test.hpp */,
				940C7CDF1CE50446004ED81D /* agent_test_oc.cpp */,
				0584266D1CE54781003D866B /* agent_test_oc.hpp */,
			);
			path = test;
			sourceTree = "<group>";
		};
		946703B21C6477A400E73BF5 /* lib-rpc-service */ = {
			isa = PBXGroup;
			children = (
				946703D61C647BD500E73BF5 /* Makefile */,
				05AA6FEE1CB992D900966978 /* agent.proto */,
				058673361CB462A100C8DF1F /* agent.pb.h */,
				946703B91C6477E100E73BF5 /* agent.pb.cc */,
				058673371CB462C200C8DF1F /* agent.grpc.pb.h */,
				946703BB1C6477E100E73BF5 /* agent.grpc.pb.cc */,
				946703B31C6477A400E73BF5 /* main.cpp */,
			);
			path = "lib-rpc-service";
			sourceTree = "<group>";
		};
		946703C41C64782500E73BF5 /* lib-oc */ = {
			isa = PBXGroup;
			children = (
				946703CA1C64786E00E73BF5 /* Makefile */,
				946703CC1C64786E00E73BF5 /* genxlate.py */,
				058426691CE4DD09003D866B /* oc.hpp */,
				946703DB1C650CD700E73BF5 /* oc.cpp */,
				94E7E3ED1CD1E1DD007D1B3C /* OpenConfigCpuMemoryUtilization.hpp */,
				94E7E3EE1CD1E1DD007D1B3C /* OpenConfigCpuMemoryUtilization.cpp */,
				946703CF1C64786E00E73BF5 /* OpenConfigFirewall.hpp */,
				946703D01C64786E00E73BF5 /* OpenConfigFirewall.cpp */,
				05C1BEDA1CC824C000A6A342 /* OpenConfigLogicalPort.hpp */,
				05C1BED91CC824C000A6A342 /* OpenConfigLogicalPort.cpp */,
				0584266B1CE4DD21003D866B /* OpenConfigLspStats.hpp */,
				0584266A1CE4DD21003D866B /* OpenConfigLspStats.cpp */,
				94E7E3EA1CD1C03C007D1B3C /* OpenConfigNpuMem.hpp */,
				94E7E3EB1CD1C03C007D1B3C /* OpenConfigNpuMem.cpp */,
				05C1BED71CC81DB500A6A342 /* OpenConfigNpuUtilization.hpp */,
				05C1BED61CC81DB500A6A342 /* OpenConfigNpuUtilization.cpp */,
				052D26A21CDD472A00C1B7F9 /* OpenConfigOptics.hpp */,
				052D26A31CDD472A00C1B7F9 /* OpenConfigOptics.cpp */,
				949DD7881C8BA28D0062F934 /* OpenConfigPacketStats.hpp */,
				949DD7891C8BA28D0062F934 /* OpenConfigPacketStats.cpp */,
				946703CD1C64786E00E73BF5 /* OpenConfigPort.hpp */,
				94AC9A701C7529890034AF1A /* OpenConfigPort.cpp */,
				946703C51C64782500E73BF5 /* main.cpp */,
			);
			path = "lib-oc";
			sourceTree = "<group>";
		};
		94AC4F1B1CA1EFD500AFDFE0 /* mgd_server */ = {
			isa = PBXGroup;
			children = (
				058673341CB4620500C8DF1F /* Makefile */,
				05EF80711CEA8C190032A538 /* authentication_service.proto */,
				0537F4E71CCEB1ED00BD519B /* mgd_service.proto */,
				052D26A11CD9D55800C1B7F9 /* openconfig_mgd.proto */,
				94AC4F1C1CA1EFD500AFDFE0 /* main.cpp */,
				94AC4F241CA1F3B100AFDFE0 /* MgdServer.cpp */,
				94AC4F251CA1F3B100AFDFE0 /* MgdServer.hpp */,
			);
			path = mgd_server;
			sourceTree = "<group>";
		};
/* End PBXGroup section */

/* Begin PBXNativeTarget section */
		946702991C64348C00E73BF5 /* grpc */ = {
			isa = PBXNativeTarget;
			buildConfigurationList = 946702A11C64348C00E73BF5 /* Build configuration list for PBXNativeTarget "grpc" */;
			buildPhases = (
				946702961C64348C00E73BF5 /* Sources */,
				946702971C64348C00E73BF5 /* Frameworks */,
				946702981C64348C00E73BF5 /* CopyFiles */,
			);
			buildRules = (
			);
			dependencies = (
			);
			name = grpc;
			productName = grpc;
			productReference = 9467029A1C64348C00E73BF5 /* grpc */;
			productType = "com.apple.product-type.tool";
		};
		946702A71C6471ED00E73BF5 /* client */ = {
			isa = PBXNativeTarget;
			buildConfigurationList = 946702AC1C6471ED00E73BF5 /* Build configuration list for PBXNativeTarget "client" */;
			buildPhases = (
				946702A41C6471ED00E73BF5 /* Sources */,
				946702A51C6471ED00E73BF5 /* Frameworks */,
				946702A61C6471ED00E73BF5 /* CopyFiles */,
			);
			buildRules = (
			);
			dependencies = (
			);
			name = client;
			productName = client;
			productReference = 946702A81C6471ED00E73BF5 /* client */;
			productType = "com.apple.product-type.tool";
		};
		946702B21C64723C00E73BF5 /* server */ = {
			isa = PBXNativeTarget;
			buildConfigurationList = 946702B71C64723C00E73BF5 /* Build configuration list for PBXNativeTarget "server" */;
			buildPhases = (
				946702AF1C64723C00E73BF5 /* Sources */,
				946702B01C64723C00E73BF5 /* Frameworks */,
				946702B11C64723C00E73BF5 /* CopyFiles */,
			);
			buildRules = (
			);
			dependencies = (
			);
			name = server;
			productName = server;
			productReference = 946702B31C64723C00E73BF5 /* server */;
			productType = "com.apple.product-type.tool";
		};
		946702BD1C64724900E73BF5 /* test */ = {
			isa = PBXNativeTarget;
			buildConfigurationList = 946702C21C64724900E73BF5 /* Build configuration list for PBXNativeTarget "test" */;
			buildPhases = (
				946702BA1C64724900E73BF5 /* Sources */,
				946702BB1C64724900E73BF5 /* Frameworks */,
				946702BC1C64724900E73BF5 /* CopyFiles */,
			);
			buildRules = (
			);
			dependencies = (
			);
			name = test;
			productName = test;
			productReference = 946702BE1C64724900E73BF5 /* test */;
			productType = "com.apple.product-type.tool";
		};
		946703A51C64769600E73BF5 /* lib */ = {
			isa = PBXNativeTarget;
			buildConfigurationList = 946703AA1C64769600E73BF5 /* Build configuration list for PBXNativeTarget "lib" */;
			buildPhases = (
				946703A21C64769600E73BF5 /* Sources */,
				946703A31C64769600E73BF5 /* Frameworks */,
				946703A41C64769600E73BF5 /* CopyFiles */,
			);
			buildRules = (
			);
			dependencies = (
			);
			name = lib;
			productName = lib;
			productReference = 946703A61C64769600E73BF5 /* lib */;
			productType = "com.apple.product-type.tool";
		};
		946703B01C6477A400E73BF5 /* lib-rpc-service */ = {
			isa = PBXNativeTarget;
			buildConfigurationList = 946703B51C6477A400E73BF5 /* Build configuration list for PBXNativeTarget "lib-rpc-service" */;
			buildPhases = (
				946703AD1C6477A400E73BF5 /* Sources */,
				946703AE1C6477A400E73BF5 /* Frameworks */,
				946703AF1C6477A400E73BF5 /* CopyFiles */,
			);
			buildRules = (
			);
			dependencies = (
			);
			name = "lib-rpc-service";
			productName = "lib-rpc-service";
			productReference = 946703B11C6477A400E73BF5 /* lib-rpc-service */;
			productType = "com.apple.product-type.tool";
		};
		946703C21C64782500E73BF5 /* lib-oc */ = {
			isa = PBXNativeTarget;
			buildConfigurationList = 946703C71C64782500E73BF5 /* Build configuration list for PBXNativeTarget "lib-oc" */;
			buildPhases = (
				946703BF1C64782500E73BF5 /* Sources */,
				946703C01C64782500E73BF5 /* Frameworks */,
				946703C11C64782500E73BF5 /* CopyFiles */,
			);
			buildRules = (
			);
			dependencies = (
			);
			name = "lib-oc";
			productName = "lib-oc";
			productReference = 946703C31C64782500E73BF5 /* lib-oc */;
			productType = "com.apple.product-type.tool";
		};
		94AC4F191CA1EFD500AFDFE0 /* mgd_server */ = {
			isa = PBXNativeTarget;
			buildConfigurationList = 94AC4F1E1CA1EFD500AFDFE0 /* Build configuration list for PBXNativeTarget "mgd_server" */;
			buildPhases = (
				94AC4F161CA1EFD500AFDFE0 /* Sources */,
				94AC4F171CA1EFD500AFDFE0 /* Frameworks */,
				94AC4F181CA1EFD500AFDFE0 /* CopyFiles */,
			);
			buildRules = (
			);
			dependencies = (
			);
			name = mgd_server;
			productName = mgd_server;
			productReference = 94AC4F1A1CA1EFD500AFDFE0 /* mgd_server */;
			productType = "com.apple.product-type.tool";
		};
/* End PBXNativeTarget section */

/* Begin PBXProject section */
		946702921C64348C00E73BF5 /* Project object */ = {
			isa = PBXProject;
			attributes = {
				LastUpgradeCheck = 0710;
				ORGANIZATIONNAME = "Juniper Networks";
				TargetAttributes = {
					946702991C64348C00E73BF5 = {
						CreatedOnToolsVersion = 7.1;
					};
					946702A71C6471ED00E73BF5 = {
						CreatedOnToolsVersion = 7.1;
					};
					946702B21C64723C00E73BF5 = {
						CreatedOnToolsVersion = 7.1;
					};
					946702BD1C64724900E73BF5 = {
						CreatedOnToolsVersion = 7.1;
					};
					946703A51C64769600E73BF5 = {
						CreatedOnToolsVersion = 7.1;
					};
					946703B01C6477A400E73BF5 = {
						CreatedOnToolsVersion = 7.1;
					};
					946703C21C64782500E73BF5 = {
						CreatedOnToolsVersion = 7.1;
					};
					94AC4F191CA1EFD500AFDFE0 = {
						CreatedOnToolsVersion = 7.1;
					};
				};
			};
			buildConfigurationList = 946702951C64348C00E73BF5 /* Build configuration list for PBXProject "grpc" */;
			compatibilityVersion = "Xcode 3.2";
			developmentRegion = English;
			hasScannedForEncodings = 0;
			knownRegions = (
				en,
			);
			mainGroup = 946702911C64348C00E73BF5;
			productRefGroup = 9467029B1C64348C00E73BF5 /* Products */;
			projectDirPath = "";
			projectRoot = "";
			targets = (
				946702991C64348C00E73BF5 /* grpc */,
				946702A71C6471ED00E73BF5 /* client */,
				946702B21C64723C00E73BF5 /* server */,
				946702BD1C64724900E73BF5 /* test */,
				946703A51C64769600E73BF5 /* lib */,
				946703B01C6477A400E73BF5 /* lib-rpc-service */,
				946703C21C64782500E73BF5 /* lib-oc */,
				94AC4F191CA1EFD500AFDFE0 /* mgd_server */,
			);
		};
/* End PBXProject section */

/* Begin PBXSourcesBuildPhase section */
		946702961C64348C00E73BF5 /* Sources */ = {
			isa = PBXSourcesBuildPhase;
			buildActionMask = 2147483647;
			files = (
			);
			runOnlyForDeploymentPostprocessing = 0;
		};
		946702A41C6471ED00E73BF5 /* Sources */ = {
			isa = PBXSourcesBuildPhase;
			buildActionMask = 2147483647;
			files = (
				94AC9A741C7546280034AF1A /* AgentClientLag.cpp in Sources */,
				946703A11C6475EE00E73BF5 /* AgentClientParser.cpp in Sources */,
				9467039D1C6475C600E73BF5 /* main.cpp in Sources */,
				946702E01C64758500E73BF5 /* AgentClient.cpp in Sources */,
			);
			runOnlyForDeploymentPostprocessing = 0;
		};
		946702AF1C64723C00E73BF5 /* Sources */ = {
			isa = PBXSourcesBuildPhase;
			buildActionMask = 2147483647;
			files = (
				94FB189A1C85032400791B3A /* AgentSystemProc.cpp in Sources */,
				94A291FD1C80FAF2004BB6C3 /* AgentServerCmdOptions.cpp in Sources */,
				94AC9AA21C7A1CD60034AF1A /* AgentSystem.cpp in Sources */,
				05BD33BA1CD4027A0059EF17 /* JunosTelemetryJsonGenerator.cpp in Sources */,
				05FA5C271CF5AEEF00F90E30 /* PathValidator.cpp in Sources */,
				946702CD1C64734E00E73BF5 /* AgentServer.cpp in Sources */,
				058AC3E61CED1CA80024FBD6 /* UdpReceiver.cpp in Sources */,
				0537F4E01CCC01B100BD519B /* OCTelemetryJson.cpp in Sources */,
				05BD33B51CD3E9730059EF17 /* JsonUtils.cpp in Sources */,
				058AC3E91CED21AC0024FBD6 /* AgentSubscriptionUdpWorker.cpp in Sources */,
				05BD33AC1CD2CEF90059EF17 /* GlobalConfig.cpp in Sources */,
				94A292011C822019004BB6C3 /* AgentSystemNull.cpp in Sources */,
				05BD33B21CD3513C0059EF17 /* JunosTelemetryJson.cpp in Sources */,
				05C1BEDD1CC94D0800A6A342 /* AgentUtils.cpp in Sources */,
				946702CE1C64734E00E73BF5 /* AgentMessageBus.cpp in Sources */,
				946702DE1C6474FB00E73BF5 /* main.cpp in Sources */,
				94AC9A681C74500F0034AF1A /* AgentServerIdManager.cpp in Sources */,
				94AC9A841C7799BA0034AF1A /* AgentConsolidator.cpp in Sources */,
				94A292041C8278F0004BB6C3 /* AgentSystemFile.cpp in Sources */,
				946702D91C64739A00E73BF5 /* AgentSubscription.cpp in Sources */,
				946702CC1C64734E00E73BF5 /* AgentServerLog.cpp in Sources */,
				946702D81C64739A00E73BF5 /* AgentSubscriptionLimits.cpp in Sources */,
				0537F4E41CCEA3CC00BD519B /* OCTelemetryJsonGenerator.cpp in Sources */,
				946702D71C64739A00E73BF5 /* Counter.cpp in Sources */,
				94AC9A8E1C77BCF50034AF1A /* AgentConsolidatorSystem.cpp in Sources */,
				94A291FA1C7FDA6B004BB6C3 /* AgentSystemFactory.cpp in Sources */,
				946702DA1C64739A00E73BF5 /* OpenConfig.cpp in Sources */,
			);
			runOnlyForDeploymentPostprocessing = 0;
		};
		946702BA1C64724900E73BF5 /* Sources */ = {
			isa = PBXSourcesBuildPhase;
			buildActionMask = 2147483647;
			files = (
				053D479D1CF7CB4B00B94071 /* agent_test_consolidator_ut.cpp in Sources */,
				05BD33AE1CD2F3B60059EF17 /* AgentServerCmdOptions.cpp in Sources */,
				05C1BEDF1CC94ED700A6A342 /* AgentUtils.cpp in Sources */,
				9436D96C1C8549E700356B6F /* AgentSystemProc.cpp in Sources */,
				94A292061C827C9F004BB6C3 /* AgentSystemNull.cpp in Sources */,
				0537F4E51CCEA68200BD519B /* OCTelemetryJsonGenerator.cpp in Sources */,
				94A292051C827C95004BB6C3 /* AgentSystemFile.cpp in Sources */,
				94AC9A8F1C77DAC20034AF1A /* AgentConsolidator.cpp in Sources */,
				05BD33BB1CD4027A0059EF17 /* JunosTelemetryJsonGenerator.cpp in Sources */,
				946703E11C65134700E73BF5 /* agent_test.cpp in Sources */,
				05BD33B71CD3FF550059EF17 /* JunosTelemetryJson.cpp in Sources */,
				05BD33B61CD3ED0C0059EF17 /* JsonUtils.cpp in Sources */,
				94AC9AA31C7A1F2F0034AF1A /* AgentSystem.cpp in Sources */,
				05FA5C321CF6856600F90E30 /* PathValidator.cpp in Sources */,
				94A291FE1C8101AF004BB6C3 /* AgentSystemFactory.cpp in Sources */,
				05FA5C2B1CF6675500F90E30 /* agent_test_id_manager_ut.cpp in Sources */,
				94AC9A691C7459900034AF1A /* AgentServerIdManager.cpp in Sources */,
				05FA5C311CF6819A00F90E30 /* agent_test_path_validator_ut.cpp in Sources */,
				94AC9A901C77DACE0034AF1A /* AgentConsolidatorSystem.cpp in Sources */,
				94AC4F291CA315D100AFDFE0 /* agent_test_consolidator_proc.cpp in Sources */,
				940C7CE01CE50446004ED81D /* agent_test_oc.cpp in Sources */,
				05BD33AF1CD324080059EF17 /* GlobalConfig.cpp in Sources */,
				05FA5C2E1CF67EC600F90E30 /* agent_test_arg_parser_ut.cpp in Sources */,
				0537F4E61CCEA6B000BD519B /* OCTelemetryJson.cpp in Sources */,
			);
			runOnlyForDeploymentPostprocessing = 0;
		};
		946703A21C64769600E73BF5 /* Sources */ = {
			isa = PBXSourcesBuildPhase;
			buildActionMask = 2147483647;
			files = (
			);
			runOnlyForDeploymentPostprocessing = 0;
		};
		946703AD1C6477A400E73BF5 /* Sources */ = {
			isa = PBXSourcesBuildPhase;
			buildActionMask = 2147483647;
			files = (
				946703BD1C6477E100E73BF5 /* agent.pb.cc in Sources */,
				946703B41C6477A400E73BF5 /* main.cpp in Sources */,
				946703BE1C6477E100E73BF5 /* agent.grpc.pb.cc in Sources */,
			);
			runOnlyForDeploymentPostprocessing = 0;
		};
		946703BF1C64782500E73BF5 /* Sources */ = {
			isa = PBXSourcesBuildPhase;
			buildActionMask = 2147483647;
			files = (
				05C1BEDB1CC824C000A6A342 /* OpenConfigLogicalPort.cpp in Sources */,
				94AC9A711C7529890034AF1A /* OpenConfigPort.cpp in Sources */,
				949DD78A1C8BA28D0062F934 /* OpenConfigPacketStats.cpp in Sources */,
				946703DC1C650CD700E73BF5 /* oc.cpp in Sources */,
				946703D41C64786E00E73BF5 /* OpenConfigFirewall.cpp in Sources */,
				94E7E3EF1CD1E1DD007D1B3C /* OpenConfigCpuMemoryUtilization.cpp in Sources */,
				05C1BED81CC81DB500A6A342 /* OpenConfigNpuUtilization.cpp in Sources */,
				946703C61C64782500E73BF5 /* main.cpp in Sources */,
				0584266C1CE4DD21003D866B /* OpenConfigLspStats.cpp in Sources */,
				94E7E3EC1CD1C03C007D1B3C /* OpenConfigNpuMem.cpp in Sources */,
				052D26A41CDD472A00C1B7F9 /* OpenConfigOptics.cpp in Sources */,
			);
			runOnlyForDeploymentPostprocessing = 0;
		};
		94AC4F161CA1EFD500AFDFE0 /* Sources */ = {
			isa = PBXSourcesBuildPhase;
			buildActionMask = 2147483647;
			files = (
				94AC4F261CA1F3B100AFDFE0 /* MgdServer.cpp in Sources */,
				94AC4F1D1CA1EFD500AFDFE0 /* main.cpp in Sources */,
			);
			runOnlyForDeploymentPostprocessing = 0;
		};
/* End PBXSourcesBuildPhase section */

/* Begin XCBuildConfiguration section */
		9467029F1C64348C00E73BF5 /* Debug */ = {
			isa = XCBuildConfiguration;
			buildSettings = {
				ALWAYS_SEARCH_USER_PATHS = YES;
				CLANG_CXX_LANGUAGE_STANDARD = "gnu++0x";
				CLANG_CXX_LIBRARY = "libc++";
				CLANG_ENABLE_MODULES = YES;
				CLANG_ENABLE_OBJC_ARC = YES;
				CLANG_WARN_BOOL_CONVERSION = YES;
				CLANG_WARN_CONSTANT_CONVERSION = YES;
				CLANG_WARN_DIRECT_OBJC_ISA_USAGE = YES_ERROR;
				CLANG_WARN_EMPTY_BODY = YES;
				CLANG_WARN_ENUM_CONVERSION = YES;
				CLANG_WARN_INT_CONVERSION = YES;
				CLANG_WARN_OBJC_ROOT_CLASS = YES_ERROR;
				CLANG_WARN_UNREACHABLE_CODE = YES;
				CLANG_WARN__DUPLICATE_METHOD_MATCH = YES;
				CODE_SIGN_IDENTITY = "-";
				COPY_PHASE_STRIP = NO;
				DEBUG_INFORMATION_FORMAT = dwarf;
				ENABLE_STRICT_OBJC_MSGSEND = YES;
				ENABLE_TESTABILITY = YES;
				GCC_C_LANGUAGE_STANDARD = gnu99;
				GCC_DYNAMIC_NO_PIC = NO;
				GCC_NO_COMMON_BLOCKS = YES;
				GCC_OPTIMIZATION_LEVEL = 0;
				GCC_PREPROCESSOR_DEFINITIONS = (
					"DEBUG=1",
					"$(inherited)",
				);
				GCC_WARN_64_TO_32_BIT_CONVERSION = YES;
				GCC_WARN_ABOUT_RETURN_TYPE = YES_ERROR;
				GCC_WARN_UNDECLARED_SELECTOR = YES;
				GCC_WARN_UNINITIALIZED_AUTOS = YES_AGGRESSIVE;
				GCC_WARN_UNUSED_FUNCTION = YES;
				GCC_WARN_UNUSED_VARIABLE = YES;
				MACOSX_DEPLOYMENT_TARGET = 10.10;
				MTL_ENABLE_DEBUG_INFO = YES;
				ONLY_ACTIVE_ARCH = YES;
				SDKROOT = macosx;
			};
			name = Debug;
		};
		946702A01C64348C00E73BF5 /* Release */ = {
			isa = XCBuildConfiguration;
			buildSettings = {
				ALWAYS_SEARCH_USER_PATHS = YES;
				CLANG_CXX_LANGUAGE_STANDARD = "gnu++0x";
				CLANG_CXX_LIBRARY = "libc++";
				CLANG_ENABLE_MODULES = YES;
				CLANG_ENABLE_OBJC_ARC = YES;
				CLANG_WARN_BOOL_CONVERSION = YES;
				CLANG_WARN_CONSTANT_CONVERSION = YES;
				CLANG_WARN_DIRECT_OBJC_ISA_USAGE = YES_ERROR;
				CLANG_WARN_EMPTY_BODY = YES;
				CLANG_WARN_ENUM_CONVERSION = YES;
				CLANG_WARN_INT_CONVERSION = YES;
				CLANG_WARN_OBJC_ROOT_CLASS = YES_ERROR;
				CLANG_WARN_UNREACHABLE_CODE = YES;
				CLANG_WARN__DUPLICATE_METHOD_MATCH = YES;
				CODE_SIGN_IDENTITY = "-";
				COPY_PHASE_STRIP = NO;
				DEBUG_INFORMATION_FORMAT = "dwarf-with-dsym";
				ENABLE_NS_ASSERTIONS = NO;
				ENABLE_STRICT_OBJC_MSGSEND = YES;
				GCC_C_LANGUAGE_STANDARD = gnu99;
				GCC_NO_COMMON_BLOCKS = YES;
				GCC_WARN_64_TO_32_BIT_CONVERSION = YES;
				GCC_WARN_ABOUT_RETURN_TYPE = YES_ERROR;
				GCC_WARN_UNDECLARED_SELECTOR = YES;
				GCC_WARN_UNINITIALIZED_AUTOS = YES_AGGRESSIVE;
				GCC_WARN_UNUSED_FUNCTION = YES;
				GCC_WARN_UNUSED_VARIABLE = YES;
				MACOSX_DEPLOYMENT_TARGET = 10.10;
				MTL_ENABLE_DEBUG_INFO = NO;
				SDKROOT = macosx;
			};
			name = Release;
		};
		946702A21C64348C00E73BF5 /* Debug */ = {
			isa = XCBuildConfiguration;
			buildSettings = {
				PRODUCT_NAME = "$(TARGET_NAME)";
			};
			name = Debug;
		};
		946702A31C64348C00E73BF5 /* Release */ = {
			isa = XCBuildConfiguration;
			buildSettings = {
				PRODUCT_NAME = "$(TARGET_NAME)";
			};
			name = Release;
		};
		946702AD1C6471ED00E73BF5 /* Debug */ = {
			isa = XCBuildConfiguration;
			buildSettings = {
				ALWAYS_SEARCH_USER_PATHS = YES;
				HEADER_SEARCH_PATHS = "";
				"HEADER_SEARCH_PATHS[arch=*]" = (
					/usr/local/include,
					"${PROJECT_DIR}/lib/h",
				);
				LIBRARY_SEARCH_PATHS = (
					/usr/local/lib,
					"${PROJECT_DIR}/lib",
					"${inherited}",
				);
				"OTHER_LDFLAGS[arch=*]" = (
					"-lpthread",
					"-ldl",
					"-lrpc_service",
					"-lgrpc++_unsecure",
					"-lgrpc",
					"-lgpr",
					"-lprotobuf",
					"-lprotos",
					"-ljsoncpp",
				);
				PRODUCT_NAME = "$(TARGET_NAME)";
			};
			name = Debug;
		};
		946702AE1C6471ED00E73BF5 /* Release */ = {
			isa = XCBuildConfiguration;
			buildSettings = {
				ALWAYS_SEARCH_USER_PATHS = YES;
				HEADER_SEARCH_PATHS = "";
				LIBRARY_SEARCH_PATHS = "";
				PRODUCT_NAME = "$(TARGET_NAME)";
			};
			name = Release;
		};
		946702B81C64723C00E73BF5 /* Debug */ = {
			isa = XCBuildConfiguration;
			buildSettings = {
				HEADER_SEARCH_PATHS = "";
				"HEADER_SEARCH_PATHS[arch=*]" = (
					/usr/local/include,
					"${PROJECT_DIR}/lib/h",
				);
				"LIBRARY_SEARCH_PATHS[arch=*]" = (
					/usr/local/lib,
					"${PROJECT_DIR}/lib",
					"${inherited}",
				);
				"OTHER_LDFLAGS[arch=*]" = (
					/usr/local/lib/libmosquittopp.dylib,
					"-lpthread",
					"-ldl",
					"-lrpc_service",
					"-lgrpc++_unsecure",
					"-lgrpc",
					"-lgpr",
					"-loc",
					"-lprotos",
					"-lprotobuf",
					"-ljsoncpp",
					"-linih",
				);
				PRODUCT_NAME = "$(TARGET_NAME)";
			};
			name = Debug;
		};
		946702B91C64723C00E73BF5 /* Release */ = {
			isa = XCBuildConfiguration;
			buildSettings = {
				HEADER_SEARCH_PATHS = "";
				PRODUCT_NAME = "$(TARGET_NAME)";
			};
			name = Release;
		};
		946702C31C64724900E73BF5 /* Debug */ = {
			isa = XCBuildConfiguration;
			buildSettings = {
				"HEADER_SEARCH_PATHS[arch=*]" = (
					/usr/local/include,
					"${PROJECT_DIR}/lib/h",
					"${PROJECT_DIR}/../gtest/include",
				);
				LIBRARY_SEARCH_PATHS = "";
				"LIBRARY_SEARCH_PATHS[arch=*]" = (
					/usr/local/lib,
					"${PROJECT_DIR}/lib",
					"${inherited}",
				);
				"OTHER_LDFLAGS[arch=*]" = (
					"-lpthread",
					"-ldl",
					"-lgrpc++_unsecure",
					"-lgrpc",
					"-lgpr",
					"-lprotobuf",
					"-lprotos",
					"-lrpc_service",
					"-ljsoncpp",
					"-linih",
				);
				PRODUCT_NAME = "$(TARGET_NAME)";
			};
			name = Debug;
		};
		946702C41C64724900E73BF5 /* Release */ = {
			isa = XCBuildConfiguration;
			buildSettings = {
				LIBRARY_SEARCH_PATHS = "";
				PRODUCT_NAME = "$(TARGET_NAME)";
			};
			name = Release;
		};
		946703AB1C64769600E73BF5 /* Debug */ = {
			isa = XCBuildConfiguration;
			buildSettings = {
				PRODUCT_NAME = "$(TARGET_NAME)";
			};
			name = Debug;
		};
		946703AC1C64769600E73BF5 /* Release */ = {
			isa = XCBuildConfiguration;
			buildSettings = {
				PRODUCT_NAME = "$(TARGET_NAME)";
			};
			name = Release;
		};
		946703B61C6477A400E73BF5 /* Debug */ = {
			isa = XCBuildConfiguration;
			buildSettings = {
				PRODUCT_NAME = "$(TARGET_NAME)";
			};
			name = Debug;
		};
		946703B71C6477A400E73BF5 /* Release */ = {
			isa = XCBuildConfiguration;
			buildSettings = {
				PRODUCT_NAME = "$(TARGET_NAME)";
			};
			name = Release;
		};
		946703C81C64782500E73BF5 /* Debug */ = {
			isa = XCBuildConfiguration;
			buildSettings = {
				PRODUCT_NAME = "$(TARGET_NAME)";
			};
			name = Debug;
		};
		946703C91C64782500E73BF5 /* Release */ = {
			isa = XCBuildConfiguration;
			buildSettings = {
				PRODUCT_NAME = "$(TARGET_NAME)";
			};
			name = Release;
		};
		94AC4F1F1CA1EFD500AFDFE0 /* Debug */ = {
			isa = XCBuildConfiguration;
			buildSettings = {
				ALWAYS_SEARCH_USER_PATHS = NO;
				"HEADER_SEARCH_PATHS[arch=*]" = (
					/usr/local/include,
					"${PROJECT_DIR}/lib/h",
				);
				"LIBRARY_SEARCH_PATHS[arch=*]" = (
					/usr/local/lib,
					"${PROJECT_DIR}/lib",
					"${inherited}",
				);
				"OTHER_LDFLAGS[arch=*]" = (
					"-lpthread",
					"-ldl",
					"-lrpc_service",
					"-lgrpc++_unsecure",
					"-lgrpc",
					"-lgpr",
					"-loc",
					"-lprotos",
					"-lprotobuf",
					"-ljsoncpp",
				);
				PRODUCT_NAME = "$(TARGET_NAME)";
			};
			name = Debug;
		};
		94AC4F201CA1EFD500AFDFE0 /* Release */ = {
			isa = XCBuildConfiguration;
			buildSettings = {
				ALWAYS_SEARCH_USER_PATHS = NO;
				PRODUCT_NAME = "$(TARGET_NAME)";
			};
			name = Release;
		};
/* End XCBuildConfiguration section */

/* Begin XCConfigurationList section */
		946702951C64348C00E73BF5 /* Build configuration list for PBXProject "grpc" */ = {
			isa = XCConfigurationList;
			buildConfigurations = (
				9467029F1C64348C00E73BF5 /* Debug */,
				946702A01C64348C00E73BF5 /* Release */,
			);
			defaultConfigurationIsVisible = 0;
			defaultConfigurationName = Release;
		};
		946702A11C64348C00E73BF5 /* Build configuration list for PBXNativeTarget "grpc" */ = {
			isa = XCConfigurationList;
			buildConfigurations = (
				946702A21C64348C00E73BF5 /* Debug */,
				946702A31C64348C00E73BF5 /* Release */,
			);
			defaultConfigurationIsVisible = 0;
			defaultConfigurationName = Release;
		};
		946702AC1C6471ED00E73BF5 /* Build configuration list for PBXNativeTarget "client" */ = {
			isa = XCConfigurationList;
			buildConfigurations = (
				946702AD1C6471ED00E73BF5 /* Debug */,
				946702AE1C6471ED00E73BF5 /* Release */,
			);
			defaultConfigurationIsVisible = 0;
			defaultConfigurationName = Release;
		};
		946702B71C64723C00E73BF5 /* Build configuration list for PBXNativeTarget "server" */ = {
			isa = XCConfigurationList;
			buildConfigurations = (
				946702B81C64723C00E73BF5 /* Debug */,
				946702B91C64723C00E73BF5 /* Release */,
			);
			defaultConfigurationIsVisible = 0;
			defaultConfigurationName = Release;
		};
		946702C21C64724900E73BF5 /* Build configuration list for PBXNativeTarget "test" */ = {
			isa = XCConfigurationList;
			buildConfigurations = (
				946702C31C64724900E73BF5 /* Debug */,
				946702C41C64724900E73BF5 /* Release */,
			);
			defaultConfigurationIsVisible = 0;
			defaultConfigurationName = Release;
		};
		946703AA1C64769600E73BF5 /* Build configuration list for PBXNativeTarget "lib" */ = {
			isa = XCConfigurationList;
			buildConfigurations = (
				946703AB1C64769600E73BF5 /* Debug */,
				946703AC1C64769600E73BF5 /* Release */,
			);
			defaultConfigurationIsVisible = 0;
			defaultConfigurationName = Release;
		};
		946703B51C6477A400E73BF5 /* Build configuration list for PBXNativeTarget "lib-rpc-service" */ = {
			isa = XCConfigurationList;
			buildConfigurations = (
				946703B61C6477A400E73BF5 /* Debug */,
				946703B71C6477A400E73BF5 /* Release */,
			);
			defaultConfigurationIsVisible = 0;
			defaultConfigurationName = Release;
		};
		946703C71C64782500E73BF5 /* Build configuration list for PBXNativeTarget "lib-oc" */ = {
			isa = XCConfigurationList;
			buildConfigurations = (
				946703C81C64782500E73BF5 /* Debug */,
				946703C91C64782500E73BF5 /* Release */,
			);
			defaultConfigurationIsVisible = 0;
			defaultConfigurationName = Release;
		};
		94AC4F1E1CA1EFD500AFDFE0 /* Build configuration list for PBXNativeTarget "mgd_server" */ = {
			isa = XCConfigurationList;
			buildConfigurations = (
				94AC4F1F1CA1EFD500AFDFE0 /* Debug */,
				94AC4F201CA1EFD500AFDFE0 /* Release */,
			);
			defaultConfigurationIsVisible = 0;
			defaultConfigurationName = Release;
		};
/* End XCConfigurationList section */
	};
	rootObject = 946702921C64348C00E73BF5 /* Project object */;
}
